
Microsoft Visual Studio Solution File, Format Version 12.00
# Visual Studio Version 17
VisualStudioVersion = 17.14.36327.8 d17.14
MinimumVisualStudioVersion = 10.0.40219.1
Project("{FAE04EC0-301F-11D3-BF4B-00C04F79EFBC}") = "SocialLoginApplicationMVC", "SocialLoginApplicationMVC\SocialLoginApplicationMVC.csproj", "{FC941563-AABE-4339-A3CA-EBEAB0BA3770}"
EndProject
Global
	GlobalSection(SolutionConfigurationPlatforms) = preSolution
		Debug|Any CPU = Debug|Any CPU
		Release|Any CPU = Release|Any CPU
	EndGlobalSection
	GlobalSection(ProjectConfigurationPlatforms) = postSolution
		{FC941563-AABE-4339-A3CA-EBEAB0BA3770}.Debug|Any CPU.ActiveCfg = Debug|Any CPU
		{FC941563-AABE-4339-A3CA-EBEAB0BA3770}.Debug|Any CPU.Build.0 = Debug|Any CPU
		{FC941563-AABE-4339-A3CA-EBEAB0BA3770}.Release|Any CPU.ActiveCfg = Release|Any CPU
		{FC941563-AABE-4339-A3CA-EBEAB0BA3770}.Release|Any CPU.Build.0 = Release|Any CPU
	EndGlobalSection
	GlobalSection(SolutionProperties) = preSolution
		HideSolutionNode = FALSE
	EndGlobalSection
	GlobalSection(ExtensibilityGlobals) = postSolution
		SolutionGuid = {D909A044-D7F9-4286-9ED1-E8E3AC5B163B}
	EndGlobalSection
EndGlobal
